
Microsoft Visual Studio Solution File, Format Version 12.00
# Visual Studio Version 17
VisualStudioVersion = 17.8.34330.188
MinimumVisualStudioVersion = 10.0.40219.1
Project("{FAE04EC0-301F-11D3-BF4B-00C04F79EFBC}") = "ILProtectorUnpacker", "ILProtectorUnpacker\ILProtectorUnpacker.csproj", "{D3E677A1-4646-4170-BA2A-401CC3557551}"
EndProject
Project("{FAE04EC0-301F-11D3-BF4B-00C04F79EFBC}") = "ILProtectorUnpacker-x86", "ILProtectorUnpacker-x86\ILProtectorUnpacker-x86.csproj", "{8E02170A-FC06-4F28-9FBE-9DE88E6A3152}"
EndProject
Global
	GlobalSection(SolutionConfigurationPlatforms) = preSolution
		Debug|Any CPU = Debug|Any CPU
		Release|Any CPU = Release|Any CPU
	EndGlobalSection
	GlobalSection(ProjectConfigurationPlatforms) = postSolution
		{D3E677A1-4646-4170-BA2A-401CC3557551}.Debug|Any CPU.ActiveCfg = Debug|Any CPU
		{D3E677A1-4646-4170-BA2A-401CC3557551}.Debug|Any CPU.Build.0 = Debug|Any CPU
		{D3E677A1-4646-4170-BA2A-401CC3557551}.Release|Any CPU.ActiveCfg = Release|Any CPU
		{D3E677A1-4646-4170-BA2A-401CC3557551}.Release|Any CPU.Build.0 = Release|Any CPU
		{8E02170A-FC06-4F28-9FBE-9DE88E6A3152}.Debug|Any CPU.ActiveCfg = Debug|Any CPU
		{8E02170A-FC06-4F28-9FBE-9DE88E6A3152}.Debug|Any CPU.Build.0 = Debug|Any CPU
		{8E02170A-FC06-4F28-9FBE-9DE88E6A3152}.Release|Any CPU.ActiveCfg = Release|Any CPU
		{8E02170A-FC06-4F28-9FBE-9DE88E6A3152}.Release|Any CPU.Build.0 = Release|Any CPU
	EndGlobalSection
	GlobalSection(SolutionProperties) = preSolution
		HideSolutionNode = FALSE
	EndGlobalSection
	GlobalSection(ExtensibilityGlobals) = postSolution
		SolutionGuid = {5C208C9D-E91B-4F4C-B894-C651314E6AC8}
	EndGlobalSection
EndGlobal
